
Microsoft Visual Studio Solution File, Format Version 12.00
# Visual Studio Version 17
VisualStudioVersion = 17.4.33122.133
MinimumVisualStudioVersion = 10.0.40219.1
Project("{9A19103F-16F7-4668-BE54-9A1E7A4F7556}") = "HoH.Architecture.scaffolding", "HoH.Architecture.scaffolding\HoH.Architecture.scaffolding.csproj", "{FDEC0B93-A0CA-4777-BF48-F49F5BB3E4D2}"
EndProject
Project("{9A19103F-16F7-4668-BE54-9A1E7A4F7556}") = "HoH.Architecture.CQRS", "HoH.Architecture.CQRS\HoH.Architecture.CQRS.csproj", "{645C84F5-DF60-4227-A09E-4FAFCA56DA1A}"
EndProject
Project("{FAE04EC0-301F-11D3-BF4B-00C04F79EFBC}") = "HoH.Architecture.Shared", "HoH.Architecture.Shared\HoH.Architecture.Shared.csproj", "{B8F16A52-52A9-43B8-B593-270470317C79}"
EndProject
Project("{FAE04EC0-301F-11D3-BF4B-00C04F79EFBC}") = "Hoh.SetupWebApi", "Hoh.SetupWebApi\Hoh.SetupWebApi.csproj", "{A5CA04A9-8C68-4DA8-8A87-D6EAEA86A7DB}"
EndProject
Global
	GlobalSection(SolutionConfigurationPlatforms) = preSolution
		Debug|Any CPU = Debug|Any CPU
		Release|Any CPU = Release|Any CPU
	EndGlobalSection
	GlobalSection(ProjectConfigurationPlatforms) = postSolution
		{FDEC0B93-A0CA-4777-BF48-F49F5BB3E4D2}.Debug|Any CPU.ActiveCfg = Debug|Any CPU
		{FDEC0B93-A0CA-4777-BF48-F49F5BB3E4D2}.Debug|Any CPU.Build.0 = Debug|Any CPU
		{FDEC0B93-A0CA-4777-BF48-F49F5BB3E4D2}.Release|Any CPU.ActiveCfg = Release|Any CPU
		{FDEC0B93-A0CA-4777-BF48-F49F5BB3E4D2}.Release|Any CPU.Build.0 = Release|Any CPU
		{645C84F5-DF60-4227-A09E-4FAFCA56DA1A}.Debug|Any CPU.ActiveCfg = Debug|Any CPU
		{645C84F5-DF60-4227-A09E-4FAFCA56DA1A}.Debug|Any CPU.Build.0 = Debug|Any CPU
		{645C84F5-DF60-4227-A09E-4FAFCA56DA1A}.Release|Any CPU.ActiveCfg = Release|Any CPU
		{645C84F5-DF60-4227-A09E-4FAFCA56DA1A}.Release|Any CPU.Build.0 = Release|Any CPU
		{B8F16A52-52A9-43B8-B593-270470317C79}.Debug|Any CPU.ActiveCfg = Debug|Any CPU
		{B8F16A52-52A9-43B8-B593-270470317C79}.Debug|Any CPU.Build.0 = Debug|Any CPU
		{B8F16A52-52A9-43B8-B593-270470317C79}.Release|Any CPU.ActiveCfg = Release|Any CPU
		{B8F16A52-52A9-43B8-B593-270470317C79}.Release|Any CPU.Build.0 = Release|Any CPU
		{A5CA04A9-8C68-4DA8-8A87-D6EAEA86A7DB}.Debug|Any CPU.ActiveCfg = Debug|Any CPU
		{A5CA04A9-8C68-4DA8-8A87-D6EAEA86A7DB}.Debug|Any CPU.Build.0 = Debug|Any CPU
		{A5CA04A9-8C68-4DA8-8A87-D6EAEA86A7DB}.Release|Any CPU.ActiveCfg = Release|Any CPU
		{A5CA04A9-8C68-4DA8-8A87-D6EAEA86A7DB}.Release|Any CPU.Build.0 = Release|Any CPU
	EndGlobalSection
	GlobalSection(SolutionProperties) = preSolution
		HideSolutionNode = FALSE
	EndGlobalSection
	GlobalSection(ExtensibilityGlobals) = postSolution
		SolutionGuid = {915A31E5-2855-416F-922B-A017B73A24EA}
	EndGlobalSection
EndGlobal
